
Microsoft Visual Studio Solution File, Format Version 12.00
# Visual Studio 15
VisualStudioVersion = 15.0.26403.7
MinimumVisualStudioVersion = 10.0.40219.1
Project("{FAE04EC0-301F-11D3-BF4B-00C04F79EFBC}") = "uAdventureEditor", "uAdventureEditor\uAdventureEditor.csproj", "{E867134A-1FF7-4A36-9417-4335A60DDD87}"
EndProject
Project("{FAE04EC0-301F-11D3-BF4B-00C04F79EFBC}") = "uAdventurePlugins", "..\uAdventurePlugins\uAdventurePlugins\uAdventurePlugins.csproj", "{430CC17C-8E11-4F3E-8ADD-CBA5A9B58455}"
EndProject
Project("{FAE04EC0-301F-11D3-BF4B-00C04F79EFBC}") = "uAdventureScripts", "..\uAdventureScripts\uAdventureScripts\uAdventureScripts.csproj", "{BAA4C211-68B1-4211-B6B7-7D737F810758}"
EndProject
Global
	GlobalSection(SolutionConfigurationPlatforms) = preSolution
		Debug|Any CPU = Debug|Any CPU
		Release|Any CPU = Release|Any CPU
	EndGlobalSection
	GlobalSection(ProjectConfigurationPlatforms) = postSolution
		{E867134A-1FF7-4A36-9417-4335A60DDD87}.Debug|Any CPU.ActiveCfg = Debug|Any CPU
		{E867134A-1FF7-4A36-9417-4335A60DDD87}.Debug|Any CPU.Build.0 = Debug|Any CPU
		{E867134A-1FF7-4A36-9417-4335A60DDD87}.Release|Any CPU.ActiveCfg = Release|Any CPU
		{E867134A-1FF7-4A36-9417-4335A60DDD87}.Release|Any CPU.Build.0 = Release|Any CPU
		{430CC17C-8E11-4F3E-8ADD-CBA5A9B58455}.Debug|Any CPU.ActiveCfg = Debug|Any CPU
		{430CC17C-8E11-4F3E-8ADD-CBA5A9B58455}.Debug|Any CPU.Build.0 = Debug|Any CPU
		{430CC17C-8E11-4F3E-8ADD-CBA5A9B58455}.Release|Any CPU.ActiveCfg = Release|Any CPU
		{430CC17C-8E11-4F3E-8ADD-CBA5A9B58455}.Release|Any CPU.Build.0 = Release|Any CPU
		{BAA4C211-68B1-4211-B6B7-7D737F810758}.Debug|Any CPU.ActiveCfg = Debug|Any CPU
		{BAA4C211-68B1-4211-B6B7-7D737F810758}.Debug|Any CPU.Build.0 = Debug|Any CPU
		{BAA4C211-68B1-4211-B6B7-7D737F810758}.Release|Any CPU.ActiveCfg = Release|Any CPU
		{BAA4C211-68B1-4211-B6B7-7D737F810758}.Release|Any CPU.Build.0 = Release|Any CPU
	EndGlobalSection
	GlobalSection(SolutionProperties) = preSolution
		HideSolutionNode = FALSE
	EndGlobalSection
EndGlobal
